
Microsoft Visual Studio Solution File, Format Version 12.00
# Visual Studio 15
VisualStudioVersion = 15.0.28307.421
MinimumVisualStudioVersion = 10.0.40219.1
Project("{FAE04EC0-301F-11D3-BF4B-00C04F79EFBC}") = "ConsoleClient", "ConsoleClient\ConsoleClient.csproj", "{B702C815-8F6E-4D2A-A711-F8F5D599CB21}"
EndProject
Global
	GlobalSection(SolutionConfigurationPlatforms) = preSolution
		Debug|Any CPU = Debug|Any CPU
		Release|Any CPU = Release|Any CPU
	EndGlobalSection
	GlobalSection(ProjectConfigurationPlatforms) = postSolution
		{B702C815-8F6E-4D2A-A711-F8F5D599CB21}.Debug|Any CPU.ActiveCfg = Debug|Any CPU
		{B702C815-8F6E-4D2A-A711-F8F5D599CB21}.Debug|Any CPU.Build.0 = Debug|Any CPU
		{B702C815-8F6E-4D2A-A711-F8F5D599CB21}.Release|Any CPU.ActiveCfg = Release|Any CPU
		{B702C815-8F6E-4D2A-A711-F8F5D599CB21}.Release|Any CPU.Build.0 = Release|Any CPU
	EndGlobalSection
	GlobalSection(SolutionProperties) = preSolution
		HideSolutionNode = FALSE
	EndGlobalSection
	GlobalSection(ExtensibilityGlobals) = postSolution
		SolutionGuid = {08197B81-D4E2-48C9-8ED2-9A8D6CC81C0F}
	EndGlobalSection
EndGlobal
